
Microsoft Visual Studio Solution File, Format Version 12.00
# Visual Studio 15
VisualStudioVersion = 15.0.26730.12
MinimumVisualStudioVersion = 10.0.40219.1
Project("{8BC9CEB8-8B4A-11D0-8D11-00A0C91BC942}") = "WeirdPong", "WeirdPong\WeirdPong.vcxproj", "{4F60A81A-FC2C-4E8D-9665-B697138A9857}"
EndProject
Global
	GlobalSection(SolutionConfigurationPlatforms) = preSolution
		Debug|x64 = Debug|x64
		Debug|x86 = Debug|x86
		Release|x64 = Release|x64
		Release|x86 = Release|x86
	EndGlobalSection
	GlobalSection(ProjectConfigurationPlatforms) = postSolution
		{4F60A81A-FC2C-4E8D-9665-B697138A9857}.Debug|x64.ActiveCfg = Debug|x64
		{4F60A81A-FC2C-4E8D-9665-B697138A9857}.Debug|x64.Build.0 = Debug|x64
		{4F60A81A-FC2C-4E8D-9665-B697138A9857}.Debug|x86.ActiveCfg = Debug|Win32
		{4F60A81A-FC2C-4E8D-9665-B697138A9857}.Debug|x86.Build.0 = Debug|Win32
		{4F60A81A-FC2C-4E8D-9665-B697138A9857}.Release|x64.ActiveCfg = Release|x64
		{4F60A81A-FC2C-4E8D-9665-B697138A9857}.Release|x64.Build.0 = Release|x64
		{4F60A81A-FC2C-4E8D-9665-B697138A9857}.Release|x86.ActiveCfg = Debug|Win32
		{4F60A81A-FC2C-4E8D-9665-B697138A9857}.Release|x86.Build.0 = Debug|Win32
	EndGlobalSection
	GlobalSection(SolutionProperties) = preSolution
		HideSolutionNode = FALSE
	EndGlobalSection
	GlobalSection(ExtensibilityGlobals) = postSolution
		SolutionGuid = {96A446A8-BEC1-412F-8576-ACDE40988BF0}
	EndGlobalSection
EndGlobal
